
Microsoft Visual Studio Solution File, Format Version 12.00
# Visual Studio Version 16
VisualStudioVersion = 16.0.31205.134
MinimumVisualStudioVersion = 10.0.40219.1
Project("{FAE04EC0-301F-11D3-BF4B-00C04F79EFBC}") = "MoodAnalyzerAppWithCore", "MoodAnalyzerAppWithCore\MoodAnalyzerAppWithCore.csproj", "{A522F4BE-4371-4CE3-9522-8908316AE5B7}"
EndProject
Project("{FAE04EC0-301F-11D3-BF4B-00C04F79EFBC}") = "MoodAnalyzerMSTestWithCore", "MoodAnalyzerMSTestWithCore\MoodAnalyzerMSTestWithCore.csproj", "{172624CB-DAA7-45CB-812C-004D5EC07FFC}"
EndProject
Global
	GlobalSection(SolutionConfigurationPlatforms) = preSolution
		Debug|Any CPU = Debug|Any CPU
		Release|Any CPU = Release|Any CPU
	EndGlobalSection
	GlobalSection(ProjectConfigurationPlatforms) = postSolution
		{A522F4BE-4371-4CE3-9522-8908316AE5B7}.Debug|Any CPU.ActiveCfg = Debug|Any CPU
		{A522F4BE-4371-4CE3-9522-8908316AE5B7}.Debug|Any CPU.Build.0 = Debug|Any CPU
		{A522F4BE-4371-4CE3-9522-8908316AE5B7}.Release|Any CPU.ActiveCfg = Release|Any CPU
		{A522F4BE-4371-4CE3-9522-8908316AE5B7}.Release|Any CPU.Build.0 = Release|Any CPU
		{172624CB-DAA7-45CB-812C-004D5EC07FFC}.Debug|Any CPU.ActiveCfg = Debug|Any CPU
		{172624CB-DAA7-45CB-812C-004D5EC07FFC}.Debug|Any CPU.Build.0 = Debug|Any CPU
		{172624CB-DAA7-45CB-812C-004D5EC07FFC}.Release|Any CPU.ActiveCfg = Release|Any CPU
		{172624CB-DAA7-45CB-812C-004D5EC07FFC}.Release|Any CPU.Build.0 = Release|Any CPU
	EndGlobalSection
	GlobalSection(SolutionProperties) = preSolution
		HideSolutionNode = FALSE
	EndGlobalSection
	GlobalSection(ExtensibilityGlobals) = postSolution
		SolutionGuid = {B782702B-EF98-445A-AC25-A0AC1B97A3BF}
	EndGlobalSection
EndGlobal
